
Microsoft Visual Studio Solution File, Format Version 12.00
# Visual Studio 2013
VisualStudioVersion = 12.0.31101.0
MinimumVisualStudioVersion = 10.0.40219.1
Project("{FAE04EC0-301F-11D3-BF4B-00C04F79EFBC}") = "PortableRazorTemplate", "PortableRazorTemplate\PortableRazorTemplate.csproj", "{19A88A3C-E70F-4068-A545-6AE2B25075C4}"
EndProject
Project("{FAE04EC0-301F-11D3-BF4B-00C04F79EFBC}") = "PortableRazorTemplate.Droid", "PortableRazorTemplate.Droid\PortableRazorTemplate.Droid.csproj", "{AADD644F-7468-4218-A1A8-A0DDE90DEDE9}"
EndProject
Project("{FAE04EC0-301F-11D3-BF4B-00C04F79EFBC}") = "PortableRazorTemplate.iOS", "PortableRazorTemplate.iOS\PortableRazorTemplate.iOS.csproj", "{220205DD-53CF-494D-94BE-0F12204580DB}"
EndProject
Project("{FAE04EC0-301F-11D3-BF4B-00C04F79EFBC}") = "PortableRazorTemplate.WinPhone", "PortableRazorTemplate.WinPhone\PortableRazorTemplate.WinPhone.csproj", "{4019474D-4360-4EE8-8DAE-569F9E90174F}"
EndProject
Global
	GlobalSection(SolutionConfigurationPlatforms) = preSolution
		Ad-Hoc|Any CPU = Ad-Hoc|Any CPU
		Ad-Hoc|ARM = Ad-Hoc|ARM
		Ad-Hoc|iPhone = Ad-Hoc|iPhone
		Ad-Hoc|iPhoneSimulator = Ad-Hoc|iPhoneSimulator
		Ad-Hoc|Mixed Platforms = Ad-Hoc|Mixed Platforms
		Ad-Hoc|x86 = Ad-Hoc|x86
		AppStore|Any CPU = AppStore|Any CPU
		AppStore|ARM = AppStore|ARM
		AppStore|iPhone = AppStore|iPhone
		AppStore|iPhoneSimulator = AppStore|iPhoneSimulator
		AppStore|Mixed Platforms = AppStore|Mixed Platforms
		AppStore|x86 = AppStore|x86
		Debug|Any CPU = Debug|Any CPU
		Debug|ARM = Debug|ARM
		Debug|iPhone = Debug|iPhone
		Debug|iPhoneSimulator = Debug|iPhoneSimulator
		Debug|Mixed Platforms = Debug|Mixed Platforms
		Debug|x86 = Debug|x86
		Release|Any CPU = Release|Any CPU
		Release|ARM = Release|ARM
		Release|iPhone = Release|iPhone
		Release|iPhoneSimulator = Release|iPhoneSimulator
		Release|Mixed Platforms = Release|Mixed Platforms
		Release|x86 = Release|x86
	EndGlobalSection
	GlobalSection(ProjectConfigurationPlatforms) = postSolution
		{19A88A3C-E70F-4068-A545-6AE2B25075C4}.Ad-Hoc|Any CPU.ActiveCfg = Release|Any CPU
		{19A88A3C-E70F-4068-A545-6AE2B25075C4}.Ad-Hoc|Any CPU.Build.0 = Release|Any CPU
		{19A88A3C-E70F-4068-A545-6AE2B25075C4}.Ad-Hoc|ARM.ActiveCfg = Release|Any CPU
		{19A88A3C-E70F-4068-A545-6AE2B25075C4}.Ad-Hoc|iPhone.ActiveCfg = Release|Any CPU
		{19A88A3C-E70F-4068-A545-6AE2B25075C4}.Ad-Hoc|iPhoneSimulator.ActiveCfg = Release|Any CPU
		{19A88A3C-E70F-4068-A545-6AE2B25075C4}.Ad-Hoc|Mixed Platforms.ActiveCfg = Release|Any CPU
		{19A88A3C-E70F-4068-A545-6AE2B25075C4}.Ad-Hoc|Mixed Platforms.Build.0 = Release|Any CPU
		{19A88A3C-E70F-4068-A545-6AE2B25075C4}.Ad-Hoc|x86.ActiveCfg = Release|Any CPU
		{19A88A3C-E70F-4068-A545-6AE2B25075C4}.AppStore|Any CPU.ActiveCfg = Release|Any CPU
		{19A88A3C-E70F-4068-A545-6AE2B25075C4}.AppStore|Any CPU.Build.0 = Release|Any CPU
		{19A88A3C-E70F-4068-A545-6AE2B25075C4}.AppStore|ARM.ActiveCfg = Release|Any CPU
		{19A88A3C-E70F-4068-A545-6AE2B25075C4}.AppStore|iPhone.ActiveCfg = Release|Any CPU
		{19A88A3C-E70F-4068-A545-6AE2B25075C4}.AppStore|iPhoneSimulator.ActiveCfg = Release|Any CPU
		{19A88A3C-E70F-4068-A545-6AE2B25075C4}.AppStore|Mixed Platforms.ActiveCfg = Release|Any CPU
		{19A88A3C-E70F-4068-A545-6AE2B25075C4}.AppStore|Mixed Platforms.Build.0 = Release|Any CPU
		{19A88A3C-E70F-4068-A545-6AE2B25075C4}.AppStore|x86.ActiveCfg = Release|Any CPU
		{19A88A3C-E70F-4068-A545-6AE2B25075C4}.Debug|Any CPU.ActiveCfg = Debug|Any CPU
		{19A88A3C-E70F-4068-A545-6AE2B25075C4}.Debug|Any CPU.Build.0 = Debug|Any CPU
		{19A88A3C-E70F-4068-A545-6AE2B25075C4}.Debug|ARM.ActiveCfg = Debug|Any CPU
		{19A88A3C-E70F-4068-A545-6AE2B25075C4}.Debug|iPhone.ActiveCfg = Debug|Any CPU
		{19A88A3C-E70F-4068-A545-6AE2B25075C4}.Debug|iPhoneSimulator.ActiveCfg = Debug|Any CPU
		{19A88A3C-E70F-4068-A545-6AE2B25075C4}.Debug|Mixed Platforms.ActiveCfg = Debug|Any CPU
		{19A88A3C-E70F-4068-A545-6AE2B25075C4}.Debug|Mixed Platforms.Build.0 = Debug|Any CPU
		{19A88A3C-E70F-4068-A545-6AE2B25075C4}.Debug|x86.ActiveCfg = Debug|Any CPU
		{19A88A3C-E70F-4068-A545-6AE2B25075C4}.Release|Any CPU.ActiveCfg = Release|Any CPU
		{19A88A3C-E70F-4068-A545-6AE2B25075C4}.Release|Any CPU.Build.0 = Release|Any CPU
		{19A88A3C-E70F-4068-A545-6AE2B25075C4}.Release|ARM.ActiveCfg = Release|Any CPU
		{19A88A3C-E70F-4068-A545-6AE2B25075C4}.Release|iPhone.ActiveCfg = Release|Any CPU
		{19A88A3C-E70F-4068-A545-6AE2B25075C4}.Release|iPhoneSimulator.ActiveCfg = Release|Any CPU
		{19A88A3C-E70F-4068-A545-6AE2B25075C4}.Release|Mixed Platforms.ActiveCfg = Release|Any CPU
		{19A88A3C-E70F-4068-A545-6AE2B25075C4}.Release|Mixed Platforms.Build.0 = Release|Any CPU
		{19A88A3C-E70F-4068-A545-6AE2B25075C4}.Release|x86.ActiveCfg = Release|Any CPU
		{AADD644F-7468-4218-A1A8-A0DDE90DEDE9}.Ad-Hoc|Any CPU.ActiveCfg = Release|Any CPU
		{AADD644F-7468-4218-A1A8-A0DDE90DEDE9}.Ad-Hoc|Any CPU.Build.0 = Release|Any CPU
		{AADD644F-7468-4218-A1A8-A0DDE90DEDE9}.Ad-Hoc|Any CPU.Deploy.0 = Release|Any CPU
		{AADD644F-7468-4218-A1A8-A0DDE90DEDE9}.Ad-Hoc|ARM.ActiveCfg = Release|Any CPU
		{AADD644F-7468-4218-A1A8-A0DDE90DEDE9}.Ad-Hoc|iPhone.ActiveCfg = Release|Any CPU
		{AADD644F-7468-4218-A1A8-A0DDE90DEDE9}.Ad-Hoc|iPhoneSimulator.ActiveCfg = Release|Any CPU
		{AADD644F-7468-4218-A1A8-A0DDE90DEDE9}.Ad-Hoc|Mixed Platforms.ActiveCfg = Release|Any CPU
		{AADD644F-7468-4218-A1A8-A0DDE90DEDE9}.Ad-Hoc|Mixed Platforms.Build.0 = Release|Any CPU
		{AADD644F-7468-4218-A1A8-A0DDE90DEDE9}.Ad-Hoc|Mixed Platforms.Deploy.0 = Release|Any CPU
		{AADD644F-7468-4218-A1A8-A0DDE90DEDE9}.Ad-Hoc|x86.ActiveCfg = Release|Any CPU
		{AADD644F-7468-4218-A1A8-A0DDE90DEDE9}.AppStore|Any CPU.ActiveCfg = Release|Any CPU
		{AADD644F-7468-4218-A1A8-A0DDE90DEDE9}.AppStore|Any CPU.Build.0 = Release|Any CPU
		{AADD644F-7468-4218-A1A8-A0DDE90DEDE9}.AppStore|Any CPU.Deploy.0 = Release|Any CPU
		{AADD644F-7468-4218-A1A8-A0DDE90DEDE9}.AppStore|ARM.ActiveCfg = Release|Any CPU
		{AADD644F-7468-4218-A1A8-A0DDE90DEDE9}.AppStore|iPhone.ActiveCfg = Release|Any CPU
		{AADD644F-7468-4218-A1A8-A0DDE90DEDE9}.AppStore|iPhoneSimulator.ActiveCfg = Release|Any CPU
		{AADD644F-7468-4218-A1A8-A0DDE90DEDE9}.AppStore|Mixed Platforms.ActiveCfg = Release|Any CPU
		{AADD644F-7468-4218-A1A8-A0DDE90DEDE9}.AppStore|Mixed Platforms.Build.0 = Release|Any CPU
		{AADD644F-7468-4218-A1A8-A0DDE90DEDE9}.AppStore|Mixed Platforms.Deploy.0 = Release|Any CPU
		{AADD644F-7468-4218-A1A8-A0DDE90DEDE9}.AppStore|x86.ActiveCfg = Release|Any CPU
		{AADD644F-7468-4218-A1A8-A0DDE90DEDE9}.Debug|Any CPU.ActiveCfg = Debug|Any CPU
		{AADD644F-7468-4218-A1A8-A0DDE90DEDE9}.Debug|Any CPU.Build.0 = Debug|Any CPU
		{AADD644F-7468-4218-A1A8-A0DDE90DEDE9}.Debug|Any CPU.Deploy.0 = Debug|Any CPU
		{AADD644F-7468-4218-A1A8-A0DDE90DEDE9}.Debug|ARM.ActiveCfg = Debug|Any CPU
		{AADD644F-7468-4218-A1A8-A0DDE90DEDE9}.Debug|iPhone.ActiveCfg = Debug|Any CPU
		{AADD644F-7468-4218-A1A8-A0DDE90DEDE9}.Debug|iPhoneSimulator.ActiveCfg = Debug|Any CPU
		{AADD644F-7468-4218-A1A8-A0DDE90DEDE9}.Debug|Mixed Platforms.ActiveCfg = Debug|Any CPU
		{AADD644F-7468-4218-A1A8-A0DDE90DEDE9}.Debug|Mixed Platforms.Build.0 = Debug|Any CPU
		{AADD644F-7468-4218-A1A8-A0DDE90DEDE9}.Debug|Mixed Platforms.Deploy.0 = Debug|Any CPU
		{AADD644F-7468-4218-A1A8-A0DDE90DEDE9}.Debug|x86.ActiveCfg = Debug|Any CPU
		{AADD644F-7468-4218-A1A8-A0DDE90DEDE9}.Release|Any CPU.ActiveCfg = Release|Any CPU
		{AADD644F-7468-4218-A1A8-A0DDE90DEDE9}.Release|Any CPU.Build.0 = Release|Any CPU
		{AADD644F-7468-4218-A1A8-A0DDE90DEDE9}.Release|Any CPU.Deploy.0 = Release|Any CPU
		{AADD644F-7468-4218-A1A8-A0DDE90DEDE9}.Release|ARM.ActiveCfg = Release|Any CPU
		{AADD644F-7468-4218-A1A8-A0DDE90DEDE9}.Release|iPhone.ActiveCfg = Release|Any CPU
		{AADD644F-7468-4218-A1A8-A0DDE90DEDE9}.Release|iPhoneSimulator.ActiveCfg = Release|Any CPU
		{AADD644F-7468-4218-A1A8-A0DDE90DEDE9}.Release|Mixed Platforms.ActiveCfg = Release|Any CPU
		{AADD644F-7468-4218-A1A8-A0DDE90DEDE9}.Release|Mixed Platforms.Build.0 = Release|Any CPU
		{AADD644F-7468-4218-A1A8-A0DDE90DEDE9}.Release|Mixed Platforms.Deploy.0 = Release|Any CPU
		{AADD644F-7468-4218-A1A8-A0DDE90DEDE9}.Release|x86.ActiveCfg = Release|Any CPU
		{220205DD-53CF-494D-94BE-0F12204580DB}.Ad-Hoc|Any CPU.ActiveCfg = Ad-Hoc|iPhone
		{220205DD-53CF-494D-94BE-0F12204580DB}.Ad-Hoc|ARM.ActiveCfg = Ad-Hoc|iPhone
		{220205DD-53CF-494D-94BE-0F12204580DB}.Ad-Hoc|iPhone.ActiveCfg = Ad-Hoc|iPhone
		{220205DD-53CF-494D-94BE-0F12204580DB}.Ad-Hoc|iPhone.Build.0 = Ad-Hoc|iPhone
		{220205DD-53CF-494D-94BE-0F12204580DB}.Ad-Hoc|iPhoneSimulator.ActiveCfg = Ad-Hoc|iPhoneSimulator
		{220205DD-53CF-494D-94BE-0F12204580DB}.Ad-Hoc|iPhoneSimulator.Build.0 = Ad-Hoc|iPhoneSimulator
		{220205DD-53CF-494D-94BE-0F12204580DB}.Ad-Hoc|Mixed Platforms.ActiveCfg = Ad-Hoc|iPhone
		{220205DD-53CF-494D-94BE-0F12204580DB}.Ad-Hoc|Mixed Platforms.Build.0 = Ad-Hoc|iPhone
		{220205DD-53CF-494D-94BE-0F12204580DB}.Ad-Hoc|x86.ActiveCfg = Ad-Hoc|iPhone
		{220205DD-53CF-494D-94BE-0F12204580DB}.AppStore|Any CPU.ActiveCfg = AppStore|iPhone
		{220205DD-53CF-494D-94BE-0F12204580DB}.AppStore|ARM.ActiveCfg = AppStore|iPhone
		{220205DD-53CF-494D-94BE-0F12204580DB}.AppStore|iPhone.ActiveCfg = AppStore|iPhone
		{220205DD-53CF-494D-94BE-0F12204580DB}.AppStore|iPhone.Build.0 = AppStore|iPhone
		{220205DD-53CF-494D-94BE-0F12204580DB}.AppStore|iPhoneSimulator.ActiveCfg = AppStore|iPhoneSimulator
		{220205DD-53CF-494D-94BE-0F12204580DB}.AppStore|iPhoneSimulator.Build.0 = AppStore|iPhoneSimulator
		{220205DD-53CF-494D-94BE-0F12204580DB}.AppStore|Mixed Platforms.ActiveCfg = AppStore|iPhone
		{220205DD-53CF-494D-94BE-0F12204580DB}.AppStore|Mixed Platforms.Build.0 = AppStore|iPhone
		{220205DD-53CF-494D-94BE-0F12204580DB}.AppStore|x86.ActiveCfg = AppStore|iPhone
		{220205DD-53CF-494D-94BE-0F12204580DB}.Debug|Any CPU.ActiveCfg = Debug|iPhone
		{220205DD-53CF-494D-94BE-0F12204580DB}.Debug|ARM.ActiveCfg = Debug|iPhone
		{220205DD-53CF-494D-94BE-0F12204580DB}.Debug|iPhone.ActiveCfg = Debug|iPhone
		{220205DD-53CF-494D-94BE-0F12204580DB}.Debug|iPhone.Build.0 = Debug|iPhone
		{220205DD-53CF-494D-94BE-0F12204580DB}.Debug|iPhoneSimulator.ActiveCfg = Debug|iPhoneSimulator
		{220205DD-53CF-494D-94BE-0F12204580DB}.Debug|iPhoneSimulator.Build.0 = Debug|iPhoneSimulator
		{220205DD-53CF-494D-94BE-0F12204580DB}.Debug|Mixed Platforms.ActiveCfg = Debug|iPhone
		{220205DD-53CF-494D-94BE-0F12204580DB}.Debug|Mixed Platforms.Build.0 = Debug|iPhone
		{220205DD-53CF-494D-94BE-0F12204580DB}.Debug|x86.ActiveCfg = Debug|iPhone
		{220205DD-53CF-494D-94BE-0F12204580DB}.Release|Any CPU.ActiveCfg = Release|iPhone
		{220205DD-53CF-494D-94BE-0F12204580DB}.Release|ARM.ActiveCfg = Release|iPhone
		{220205DD-53CF-494D-94BE-0F12204580DB}.Release|iPhone.ActiveCfg = Release|iPhone
		{220205DD-53CF-494D-94BE-0F12204580DB}.Release|iPhone.Build.0 = Release|iPhone
		{220205DD-53CF-494D-94BE-0F12204580DB}.Release|iPhoneSimulator.ActiveCfg = Release|iPhoneSimulator
		{220205DD-53CF-494D-94BE-0F12204580DB}.Release|iPhoneSimulator.Build.0 = Release|iPhoneSimulator
		{220205DD-53CF-494D-94BE-0F12204580DB}.Release|Mixed Platforms.ActiveCfg = Release|iPhone
		{220205DD-53CF-494D-94BE-0F12204580DB}.Release|Mixed Platforms.Build.0 = Release|iPhone
		{220205DD-53CF-494D-94BE-0F12204580DB}.Release|x86.ActiveCfg = Release|iPhone
		{4019474D-4360-4EE8-8DAE-569F9E90174F}.Ad-Hoc|Any CPU.ActiveCfg = Release|Any CPU
		{4019474D-4360-4EE8-8DAE-569F9E90174F}.Ad-Hoc|Any CPU.Build.0 = Release|Any CPU
		{4019474D-4360-4EE8-8DAE-569F9E90174F}.Ad-Hoc|Any CPU.Deploy.0 = Release|Any CPU
		{4019474D-4360-4EE8-8DAE-569F9E90174F}.Ad-Hoc|ARM.ActiveCfg = Release|ARM
		{4019474D-4360-4EE8-8DAE-569F9E90174F}.Ad-Hoc|ARM.Build.0 = Release|ARM
		{4019474D-4360-4EE8-8DAE-569F9E90174F}.Ad-Hoc|ARM.Deploy.0 = Release|ARM
		{4019474D-4360-4EE8-8DAE-569F9E90174F}.Ad-Hoc|iPhone.ActiveCfg = Release|Any CPU
		{4019474D-4360-4EE8-8DAE-569F9E90174F}.Ad-Hoc|iPhoneSimulator.ActiveCfg = Release|Any CPU
		{4019474D-4360-4EE8-8DAE-569F9E90174F}.Ad-Hoc|Mixed Platforms.ActiveCfg = Release|x86
		{4019474D-4360-4EE8-8DAE-569F9E90174F}.Ad-Hoc|Mixed Platforms.Build.0 = Release|x86
		{4019474D-4360-4EE8-8DAE-569F9E90174F}.Ad-Hoc|Mixed Platforms.Deploy.0 = Release|x86
		{4019474D-4360-4EE8-8DAE-569F9E90174F}.Ad-Hoc|x86.ActiveCfg = Release|x86
		{4019474D-4360-4EE8-8DAE-569F9E90174F}.Ad-Hoc|x86.Build.0 = Release|x86
		{4019474D-4360-4EE8-8DAE-569F9E90174F}.Ad-Hoc|x86.Deploy.0 = Release|x86
		{4019474D-4360-4EE8-8DAE-569F9E90174F}.AppStore|Any CPU.ActiveCfg = Release|Any CPU
		{4019474D-4360-4EE8-8DAE-569F9E90174F}.AppStore|Any CPU.Build.0 = Release|Any CPU
		{4019474D-4360-4EE8-8DAE-569F9E90174F}.AppStore|Any CPU.Deploy.0 = Release|Any CPU
		{4019474D-4360-4EE8-8DAE-569F9E90174F}.AppStore|ARM.ActiveCfg = Release|ARM
		{4019474D-4360-4EE8-8DAE-569F9E90174F}.AppStore|ARM.Build.0 = Release|ARM
		{4019474D-4360-4EE8-8DAE-569F9E90174F}.AppStore|ARM.Deploy.0 = Release|ARM
		{4019474D-4360-4EE8-8DAE-569F9E90174F}.AppStore|iPhone.ActiveCfg = Release|Any CPU
		{4019474D-4360-4EE8-8DAE-569F9E90174F}.AppStore|iPhoneSimulator.ActiveCfg = Release|Any CPU
		{4019474D-4360-4EE8-8DAE-569F9E90174F}.AppStore|Mixed Platforms.ActiveCfg = Release|x86
		{4019474D-4360-4EE8-8DAE-569F9E90174F}.AppStore|Mixed Platforms.Build.0 = Release|x86
		{4019474D-4360-4EE8-8DAE-569F9E90174F}.AppStore|Mixed Platforms.Deploy.0 = Release|x86
		{4019474D-4360-4EE8-8DAE-569F9E90174F}.AppStore|x86.ActiveCfg = Release|x86
		{4019474D-4360-4EE8-8DAE-569F9E90174F}.AppStore|x86.Build.0 = Release|x86
		{4019474D-4360-4EE8-8DAE-569F9E90174F}.AppStore|x86.Deploy.0 = Release|x86
		{4019474D-4360-4EE8-8DAE-569F9E90174F}.Debug|Any CPU.ActiveCfg = Debug|Any CPU
		{4019474D-4360-4EE8-8DAE-569F9E90174F}.Debug|Any CPU.Build.0 = Debug|Any CPU
		{4019474D-4360-4EE8-8DAE-569F9E90174F}.Debug|Any CPU.Deploy.0 = Debug|Any CPU
		{4019474D-4360-4EE8-8DAE-569F9E90174F}.Debug|ARM.ActiveCfg = Debug|ARM
		{4019474D-4360-4EE8-8DAE-569F9E90174F}.Debug|ARM.Build.0 = Debug|ARM
		{4019474D-4360-4EE8-8DAE-569F9E90174F}.Debug|ARM.Deploy.0 = Debug|ARM
		{4019474D-4360-4EE8-8DAE-569F9E90174F}.Debug|iPhone.ActiveCfg = Debug|Any CPU
		{4019474D-4360-4EE8-8DAE-569F9E90174F}.Debug|iPhoneSimulator.ActiveCfg = Debug|Any CPU
		{4019474D-4360-4EE8-8DAE-569F9E90174F}.Debug|Mixed Platforms.ActiveCfg = Debug|x86
		{4019474D-4360-4EE8-8DAE-569F9E90174F}.Debug|Mixed Platforms.Build.0 = Debug|x86
		{4019474D-4360-4EE8-8DAE-569F9E90174F}.Debug|Mixed Platforms.Deploy.0 = Debug|x86
		{4019474D-4360-4EE8-8DAE-569F9E90174F}.Debug|x86.ActiveCfg = Debug|x86
		{4019474D-4360-4EE8-8DAE-569F9E90174F}.Debug|x86.Build.0 = Debug|x86
		{4019474D-4360-4EE8-8DAE-569F9E90174F}.Debug|x86.Deploy.0 = Debug|x86
		{4019474D-4360-4EE8-8DAE-569F9E90174F}.Release|Any CPU.ActiveCfg = Release|Any CPU
		{4019474D-4360-4EE8-8DAE-569F9E90174F}.Release|Any CPU.Build.0 = Release|Any CPU
		{4019474D-4360-4EE8-8DAE-569F9E90174F}.Release|Any CPU.Deploy.0 = Release|Any CPU
		{4019474D-4360-4EE8-8DAE-569F9E90174F}.Release|ARM.ActiveCfg = Release|ARM
		{4019474D-4360-4EE8-8DAE-569F9E90174F}.Release|ARM.Build.0 = Release|ARM
		{4019474D-4360-4EE8-8DAE-569F9E90174F}.Release|ARM.Deploy.0 = Release|ARM
		{4019474D-4360-4EE8-8DAE-569F9E90174F}.Release|iPhone.ActiveCfg = Release|Any CPU
		{4019474D-4360-4EE8-8DAE-569F9E90174F}.Release|iPhoneSimulator.ActiveCfg = Release|Any CPU
		{4019474D-4360-4EE8-8DAE-569F9E90174F}.Release|Mixed Platforms.ActiveCfg = Release|x86
		{4019474D-4360-4EE8-8DAE-569F9E90174F}.Release|Mixed Platforms.Build.0 = Release|x86
		{4019474D-4360-4EE8-8DAE-569F9E90174F}.Release|Mixed Platforms.Deploy.0 = Release|x86
		{4019474D-4360-4EE8-8DAE-569F9E90174F}.Release|x86.ActiveCfg = Release|x86
		{4019474D-4360-4EE8-8DAE-569F9E90174F}.Release|x86.Build.0 = Release|x86
		{4019474D-4360-4EE8-8DAE-569F9E90174F}.Release|x86.Deploy.0 = Release|x86
	EndGlobalSection
	GlobalSection(SolutionProperties) = preSolution
		HideSolutionNode = FALSE
	EndGlobalSection
EndGlobal
